
Microsoft Visual Studio Solution File, Format Version 12.00
Project("{FAE04EC0-301F-11D3-BF4B-00C04F79EFBC}") = "Midi", "Midi\Midi.csproj", "{804F6C51-CCC4-4F95-A3D9-99054B62E0F3}"
EndProject
Project("{FAE04EC0-301F-11D3-BF4B-00C04F79EFBC}") = "Midi.Tests", "Midi.Tests\Midi.Tests.csproj", "{B8348435-F284-4424-BF03-BCB6E2352413}"
EndProject
Project("{FAE04EC0-301F-11D3-BF4B-00C04F79EFBC}") = "Midi.Bedrock", "Midi.Bedrock\Midi.Bedrock.csproj", "{B21B39ED-C971-476D-B4DB-8D882A304A45}"
EndProject
Global
	GlobalSection(SolutionConfigurationPlatforms) = preSolution
		Debug|Any CPU = Debug|Any CPU
		Release|Any CPU = Release|Any CPU
	EndGlobalSection
	GlobalSection(ProjectConfigurationPlatforms) = postSolution
		{804F6C51-CCC4-4F95-A3D9-99054B62E0F3}.Debug|Any CPU.ActiveCfg = Debug|Any CPU
		{804F6C51-CCC4-4F95-A3D9-99054B62E0F3}.Debug|Any CPU.Build.0 = Debug|Any CPU
		{804F6C51-CCC4-4F95-A3D9-99054B62E0F3}.Release|Any CPU.ActiveCfg = Release|Any CPU
		{804F6C51-CCC4-4F95-A3D9-99054B62E0F3}.Release|Any CPU.Build.0 = Release|Any CPU
		{B8348435-F284-4424-BF03-BCB6E2352413}.Debug|Any CPU.ActiveCfg = Debug|Any CPU
		{B8348435-F284-4424-BF03-BCB6E2352413}.Debug|Any CPU.Build.0 = Debug|Any CPU
		{B8348435-F284-4424-BF03-BCB6E2352413}.Release|Any CPU.ActiveCfg = Release|Any CPU
		{B8348435-F284-4424-BF03-BCB6E2352413}.Release|Any CPU.Build.0 = Release|Any CPU
		{B21B39ED-C971-476D-B4DB-8D882A304A45}.Debug|Any CPU.ActiveCfg = Debug|Any CPU
		{B21B39ED-C971-476D-B4DB-8D882A304A45}.Debug|Any CPU.Build.0 = Debug|Any CPU
		{B21B39ED-C971-476D-B4DB-8D882A304A45}.Release|Any CPU.ActiveCfg = Release|Any CPU
		{B21B39ED-C971-476D-B4DB-8D882A304A45}.Release|Any CPU.Build.0 = Release|Any CPU
	EndGlobalSection
EndGlobal
